
Microsoft Visual Studio Solution File, Format Version 12.00
# Visual Studio Version 17
VisualStudioVersion = 17.11.35327.3
MinimumVisualStudioVersion = 10.0.40219.1
Project("{FAE04EC0-301F-11D3-BF4B-00C04F79EFBC}") = "Monitoring", "Monitoring\Monitoring.csproj", "{6C3962FD-E7D3-464A-9133-AAB7ADB05C0D}"
EndProject
Global
	GlobalSection(SolutionConfigurationPlatforms) = preSolution
		Debug|Any CPU = Debug|Any CPU
		Release|Any CPU = Release|Any CPU
	EndGlobalSection
	GlobalSection(ProjectConfigurationPlatforms) = postSolution
		{6C3962FD-E7D3-464A-9133-AAB7ADB05C0D}.Debug|Any CPU.ActiveCfg = Debug|Any CPU
		{6C3962FD-E7D3-464A-9133-AAB7ADB05C0D}.Debug|Any CPU.Build.0 = Debug|Any CPU
		{6C3962FD-E7D3-464A-9133-AAB7ADB05C0D}.Release|Any CPU.ActiveCfg = Release|Any CPU
		{6C3962FD-E7D3-464A-9133-AAB7ADB05C0D}.Release|Any CPU.Build.0 = Release|Any CPU
	EndGlobalSection
	GlobalSection(SolutionProperties) = preSolution
		HideSolutionNode = FALSE
	EndGlobalSection
	GlobalSection(ExtensibilityGlobals) = postSolution
		SolutionGuid = {8ED8CF61-9553-4E20-A3D1-956638D1C292}
	EndGlobalSection
EndGlobal
